
Microsoft Visual Studio Solution File, Format Version 12.00
# Visual Studio 15
VisualStudioVersion = 15.0.27004.2002
MinimumVisualStudioVersion = 10.0.40219.1
Project("{FAE04EC0-301F-11D3-BF4B-00C04F79EFBC}") = "ALightRay", "ALight\ALightRay.csproj", "{825057AE-2233-42B0-B069-FB7DF7A7EBAF}"
EndProject
Project("{FAE04EC0-301F-11D3-BF4B-00C04F79EFBC}") = "ALightCreator", "ALightCreator\ALightCreator.csproj", "{BCEC224F-5D5A-483D-B77C-CD91BD2381C5}"
EndProject
Project("{FAE04EC0-301F-11D3-BF4B-00C04F79EFBC}") = "ALightRaster", "ALight_Realtime\ALightRaster.csproj", "{53799330-E9FB-412B-A8EB-DFB6C96851DA}"
EndProject
Project("{FAE04EC0-301F-11D3-BF4B-00C04F79EFBC}") = "ALightUtility", "ALightUtility\ALightUtility.csproj", "{5942A44E-D780-43F7-8E57-6EAE7D92465C}"
EndProject
Project("{2150E333-8FDC-42A3-9474-1A3956D46DE8}") = "dotNetCore", "dotNetCore", "{E1E83542-7DA3-4888-9A06-2068138AA744}"
EndProject
Project("{2150E333-8FDC-42A3-9474-1A3956D46DE8}") = "dotNetFramework", "dotNetFramework", "{9336324C-E75B-49D6-961D-FB92F34A49FF}"
EndProject
Project("{9A19103F-16F7-4668-BE54-9A1E7A4F7556}") = "AcFormCore", "Firefly\AcFormCore.csproj", "{37F853B5-D978-467C-A03E-28D09667D741}"
EndProject
Project("{9A19103F-16F7-4668-BE54-9A1E7A4F7556}") = "ALightRaster.DotNetCore", "ALightRaster.DotNetCore\ALightRaster.DotNetCore.csproj", "{0AF2C5CB-A8F7-456B-BA5F-959816C76695}"
EndProject
Project("{9A19103F-16F7-4668-BE54-9A1E7A4F7556}") = "ACGLSL", "ACGLSL\ACGLSL.csproj", "{65096969-E45B-4B17-9042-266B81C57B28}"
EndProject
Project("{2150E333-8FDC-42A3-9474-1A3956D46DE8}") = "Shader", "Shader", "{5B52D9B1-7A9B-4B3D-9D26-17E358C84E99}"
EndProject
Project("{FAE04EC0-301F-11D3-BF4B-00C04F79EFBC}") = "ShaderLib", "ShaderLib\ShaderLib.csproj", "{1D117377-12BF-4C3E-AC3A-ED9613277046}"
EndProject
Global
	GlobalSection(SolutionConfigurationPlatforms) = preSolution
		Debug|Any CPU = Debug|Any CPU
		Debug|x64 = Debug|x64
		Debug|x86 = Debug|x86
		Release|Any CPU = Release|Any CPU
		Release|x64 = Release|x64
		Release|x86 = Release|x86
	EndGlobalSection
	GlobalSection(ProjectConfigurationPlatforms) = postSolution
		{825057AE-2233-42B0-B069-FB7DF7A7EBAF}.Debug|Any CPU.ActiveCfg = Debug|Any CPU
		{825057AE-2233-42B0-B069-FB7DF7A7EBAF}.Debug|Any CPU.Build.0 = Debug|Any CPU
		{825057AE-2233-42B0-B069-FB7DF7A7EBAF}.Debug|x64.ActiveCfg = Debug|x64
		{825057AE-2233-42B0-B069-FB7DF7A7EBAF}.Debug|x64.Build.0 = Debug|x64
		{825057AE-2233-42B0-B069-FB7DF7A7EBAF}.Debug|x86.ActiveCfg = Debug|Any CPU
		{825057AE-2233-42B0-B069-FB7DF7A7EBAF}.Debug|x86.Build.0 = Debug|Any CPU
		{825057AE-2233-42B0-B069-FB7DF7A7EBAF}.Release|Any CPU.ActiveCfg = Release|Any CPU
		{825057AE-2233-42B0-B069-FB7DF7A7EBAF}.Release|Any CPU.Build.0 = Release|Any CPU
		{825057AE-2233-42B0-B069-FB7DF7A7EBAF}.Release|x64.ActiveCfg = Release|x64
		{825057AE-2233-42B0-B069-FB7DF7A7EBAF}.Release|x64.Build.0 = Release|x64
		{825057AE-2233-42B0-B069-FB7DF7A7EBAF}.Release|x86.ActiveCfg = Release|Any CPU
		{825057AE-2233-42B0-B069-FB7DF7A7EBAF}.Release|x86.Build.0 = Release|Any CPU
		{BCEC224F-5D5A-483D-B77C-CD91BD2381C5}.Debug|Any CPU.ActiveCfg = Debug|Any CPU
		{BCEC224F-5D5A-483D-B77C-CD91BD2381C5}.Debug|Any CPU.Build.0 = Debug|Any CPU
		{BCEC224F-5D5A-483D-B77C-CD91BD2381C5}.Debug|x64.ActiveCfg = Debug|x64
		{BCEC224F-5D5A-483D-B77C-CD91BD2381C5}.Debug|x64.Build.0 = Debug|x64
		{BCEC224F-5D5A-483D-B77C-CD91BD2381C5}.Debug|x86.ActiveCfg = Debug|Any CPU
		{BCEC224F-5D5A-483D-B77C-CD91BD2381C5}.Debug|x86.Build.0 = Debug|Any CPU
		{BCEC224F-5D5A-483D-B77C-CD91BD2381C5}.Release|Any CPU.ActiveCfg = Release|Any CPU
		{BCEC224F-5D5A-483D-B77C-CD91BD2381C5}.Release|Any CPU.Build.0 = Release|Any CPU
		{BCEC224F-5D5A-483D-B77C-CD91BD2381C5}.Release|x64.ActiveCfg = Release|x64
		{BCEC224F-5D5A-483D-B77C-CD91BD2381C5}.Release|x64.Build.0 = Release|x64
		{BCEC224F-5D5A-483D-B77C-CD91BD2381C5}.Release|x86.ActiveCfg = Release|Any CPU
		{BCEC224F-5D5A-483D-B77C-CD91BD2381C5}.Release|x86.Build.0 = Release|Any CPU
		{53799330-E9FB-412B-A8EB-DFB6C96851DA}.Debug|Any CPU.ActiveCfg = Debug|Any CPU
		{53799330-E9FB-412B-A8EB-DFB6C96851DA}.Debug|Any CPU.Build.0 = Debug|Any CPU
		{53799330-E9FB-412B-A8EB-DFB6C96851DA}.Debug|x64.ActiveCfg = Debug|Any CPU
		{53799330-E9FB-412B-A8EB-DFB6C96851DA}.Debug|x64.Build.0 = Debug|Any CPU
		{53799330-E9FB-412B-A8EB-DFB6C96851DA}.Debug|x86.ActiveCfg = Debug|Any CPU
		{53799330-E9FB-412B-A8EB-DFB6C96851DA}.Debug|x86.Build.0 = Debug|Any CPU
		{53799330-E9FB-412B-A8EB-DFB6C96851DA}.Release|Any CPU.ActiveCfg = Release|Any CPU
		{53799330-E9FB-412B-A8EB-DFB6C96851DA}.Release|Any CPU.Build.0 = Release|Any CPU
		{53799330-E9FB-412B-A8EB-DFB6C96851DA}.Release|x64.ActiveCfg = Release|Any CPU
		{53799330-E9FB-412B-A8EB-DFB6C96851DA}.Release|x64.Build.0 = Release|Any CPU
		{53799330-E9FB-412B-A8EB-DFB6C96851DA}.Release|x86.ActiveCfg = Release|Any CPU
		{53799330-E9FB-412B-A8EB-DFB6C96851DA}.Release|x86.Build.0 = Release|Any CPU
		{5942A44E-D780-43F7-8E57-6EAE7D92465C}.Debug|Any CPU.ActiveCfg = Debug|Any CPU
		{5942A44E-D780-43F7-8E57-6EAE7D92465C}.Debug|Any CPU.Build.0 = Debug|Any CPU
		{5942A44E-D780-43F7-8E57-6EAE7D92465C}.Debug|x64.ActiveCfg = Debug|Any CPU
		{5942A44E-D780-43F7-8E57-6EAE7D92465C}.Debug|x64.Build.0 = Debug|Any CPU
		{5942A44E-D780-43F7-8E57-6EAE7D92465C}.Debug|x86.ActiveCfg = Debug|Any CPU
		{5942A44E-D780-43F7-8E57-6EAE7D92465C}.Debug|x86.Build.0 = Debug|Any CPU
		{5942A44E-D780-43F7-8E57-6EAE7D92465C}.Release|Any CPU.ActiveCfg = Release|Any CPU
		{5942A44E-D780-43F7-8E57-6EAE7D92465C}.Release|Any CPU.Build.0 = Release|Any CPU
		{5942A44E-D780-43F7-8E57-6EAE7D92465C}.Release|x64.ActiveCfg = Release|Any CPU
		{5942A44E-D780-43F7-8E57-6EAE7D92465C}.Release|x64.Build.0 = Release|Any CPU
		{5942A44E-D780-43F7-8E57-6EAE7D92465C}.Release|x86.ActiveCfg = Release|Any CPU
		{5942A44E-D780-43F7-8E57-6EAE7D92465C}.Release|x86.Build.0 = Release|Any CPU
		{37F853B5-D978-467C-A03E-28D09667D741}.Debug|Any CPU.ActiveCfg = Debug|Any CPU
		{37F853B5-D978-467C-A03E-28D09667D741}.Debug|Any CPU.Build.0 = Debug|Any CPU
		{37F853B5-D978-467C-A03E-28D09667D741}.Debug|x64.ActiveCfg = Debug|Any CPU
		{37F853B5-D978-467C-A03E-28D09667D741}.Debug|x64.Build.0 = Debug|Any CPU
		{37F853B5-D978-467C-A03E-28D09667D741}.Debug|x86.ActiveCfg = Debug|Any CPU
		{37F853B5-D978-467C-A03E-28D09667D741}.Debug|x86.Build.0 = Debug|Any CPU
		{37F853B5-D978-467C-A03E-28D09667D741}.Release|Any CPU.ActiveCfg = Release|Any CPU
		{37F853B5-D978-467C-A03E-28D09667D741}.Release|Any CPU.Build.0 = Release|Any CPU
		{37F853B5-D978-467C-A03E-28D09667D741}.Release|x64.ActiveCfg = Release|Any CPU
		{37F853B5-D978-467C-A03E-28D09667D741}.Release|x64.Build.0 = Release|Any CPU
		{37F853B5-D978-467C-A03E-28D09667D741}.Release|x86.ActiveCfg = Release|Any CPU
		{37F853B5-D978-467C-A03E-28D09667D741}.Release|x86.Build.0 = Release|Any CPU
		{0AF2C5CB-A8F7-456B-BA5F-959816C76695}.Debug|Any CPU.ActiveCfg = Debug|Any CPU
		{0AF2C5CB-A8F7-456B-BA5F-959816C76695}.Debug|Any CPU.Build.0 = Debug|Any CPU
		{0AF2C5CB-A8F7-456B-BA5F-959816C76695}.Debug|x64.ActiveCfg = Debug|Any CPU
		{0AF2C5CB-A8F7-456B-BA5F-959816C76695}.Debug|x64.Build.0 = Debug|Any CPU
		{0AF2C5CB-A8F7-456B-BA5F-959816C76695}.Debug|x86.ActiveCfg = Debug|Any CPU
		{0AF2C5CB-A8F7-456B-BA5F-959816C76695}.Debug|x86.Build.0 = Debug|Any CPU
		{0AF2C5CB-A8F7-456B-BA5F-959816C76695}.Release|Any CPU.ActiveCfg = Release|Any CPU
		{0AF2C5CB-A8F7-456B-BA5F-959816C76695}.Release|Any CPU.Build.0 = Release|Any CPU
		{0AF2C5CB-A8F7-456B-BA5F-959816C76695}.Release|x64.ActiveCfg = Release|Any CPU
		{0AF2C5CB-A8F7-456B-BA5F-959816C76695}.Release|x64.Build.0 = Release|Any CPU
		{0AF2C5CB-A8F7-456B-BA5F-959816C76695}.Release|x86.ActiveCfg = Release|Any CPU
		{0AF2C5CB-A8F7-456B-BA5F-959816C76695}.Release|x86.Build.0 = Release|Any CPU
		{65096969-E45B-4B17-9042-266B81C57B28}.Debug|Any CPU.ActiveCfg = Debug|Any CPU
		{65096969-E45B-4B17-9042-266B81C57B28}.Debug|Any CPU.Build.0 = Debug|Any CPU
		{65096969-E45B-4B17-9042-266B81C57B28}.Debug|x64.ActiveCfg = Debug|Any CPU
		{65096969-E45B-4B17-9042-266B81C57B28}.Debug|x64.Build.0 = Debug|Any CPU
		{65096969-E45B-4B17-9042-266B81C57B28}.Debug|x86.ActiveCfg = Debug|Any CPU
		{65096969-E45B-4B17-9042-266B81C57B28}.Debug|x86.Build.0 = Debug|Any CPU
		{65096969-E45B-4B17-9042-266B81C57B28}.Release|Any CPU.ActiveCfg = Release|Any CPU
		{65096969-E45B-4B17-9042-266B81C57B28}.Release|Any CPU.Build.0 = Release|Any CPU
		{65096969-E45B-4B17-9042-266B81C57B28}.Release|x64.ActiveCfg = Release|Any CPU
		{65096969-E45B-4B17-9042-266B81C57B28}.Release|x64.Build.0 = Release|Any CPU
		{65096969-E45B-4B17-9042-266B81C57B28}.Release|x86.ActiveCfg = Release|Any CPU
		{65096969-E45B-4B17-9042-266B81C57B28}.Release|x86.Build.0 = Release|Any CPU
		{1D117377-12BF-4C3E-AC3A-ED9613277046}.Debug|Any CPU.ActiveCfg = Debug|Any CPU
		{1D117377-12BF-4C3E-AC3A-ED9613277046}.Debug|Any CPU.Build.0 = Debug|Any CPU
		{1D117377-12BF-4C3E-AC3A-ED9613277046}.Debug|x64.ActiveCfg = Debug|Any CPU
		{1D117377-12BF-4C3E-AC3A-ED9613277046}.Debug|x64.Build.0 = Debug|Any CPU
		{1D117377-12BF-4C3E-AC3A-ED9613277046}.Debug|x86.ActiveCfg = Debug|Any CPU
		{1D117377-12BF-4C3E-AC3A-ED9613277046}.Debug|x86.Build.0 = Debug|Any CPU
		{1D117377-12BF-4C3E-AC3A-ED9613277046}.Release|Any CPU.ActiveCfg = Release|Any CPU
		{1D117377-12BF-4C3E-AC3A-ED9613277046}.Release|Any CPU.Build.0 = Release|Any CPU
		{1D117377-12BF-4C3E-AC3A-ED9613277046}.Release|x64.ActiveCfg = Release|Any CPU
		{1D117377-12BF-4C3E-AC3A-ED9613277046}.Release|x64.Build.0 = Release|Any CPU
		{1D117377-12BF-4C3E-AC3A-ED9613277046}.Release|x86.ActiveCfg = Release|Any CPU
		{1D117377-12BF-4C3E-AC3A-ED9613277046}.Release|x86.Build.0 = Release|Any CPU
	EndGlobalSection
	GlobalSection(SolutionProperties) = preSolution
		HideSolutionNode = FALSE
	EndGlobalSection
	GlobalSection(NestedProjects) = preSolution
		{825057AE-2233-42B0-B069-FB7DF7A7EBAF} = {9336324C-E75B-49D6-961D-FB92F34A49FF}
		{BCEC224F-5D5A-483D-B77C-CD91BD2381C5} = {9336324C-E75B-49D6-961D-FB92F34A49FF}
		{53799330-E9FB-412B-A8EB-DFB6C96851DA} = {9336324C-E75B-49D6-961D-FB92F34A49FF}
		{5942A44E-D780-43F7-8E57-6EAE7D92465C} = {9336324C-E75B-49D6-961D-FB92F34A49FF}
		{37F853B5-D978-467C-A03E-28D09667D741} = {E1E83542-7DA3-4888-9A06-2068138AA744}
		{0AF2C5CB-A8F7-456B-BA5F-959816C76695} = {E1E83542-7DA3-4888-9A06-2068138AA744}
		{65096969-E45B-4B17-9042-266B81C57B28} = {E1E83542-7DA3-4888-9A06-2068138AA744}
		{5B52D9B1-7A9B-4B3D-9D26-17E358C84E99} = {E1E83542-7DA3-4888-9A06-2068138AA744}
		{1D117377-12BF-4C3E-AC3A-ED9613277046} = {5B52D9B1-7A9B-4B3D-9D26-17E358C84E99}
	EndGlobalSection
	GlobalSection(ExtensibilityGlobals) = postSolution
		SolutionGuid = {0F754A82-760B-4F55-A4C6-77CEBC3C7018}
	EndGlobalSection
EndGlobal
